
Microsoft Visual Studio Solution File, Format Version 12.00
# Visual Studio 15
Project("{FAE04EC0-301F-11D3-BF4B-00C04F79EFBC}") = "UniRx", "UniRx.csproj", "{29E46582-C0BB-BF69-2A80-2AA7D75BAB33}"
EndProject
Project("{FAE04EC0-301F-11D3-BF4B-00C04F79EFBC}") = "Assembly-CSharp", "Assembly-CSharp.csproj", "{62796C7E-AFA4-3291-79DA-EB4427D6BBCB}"
EndProject
Project("{FAE04EC0-301F-11D3-BF4B-00C04F79EFBC}") = "QFramework.ResKit", "QFramework.ResKit.csproj", "{A9E7AAE0-776B-F547-2D12-0E19D3B24860}"
EndProject
Project("{FAE04EC0-301F-11D3-BF4B-00C04F79EFBC}") = "UniRx.Examples", "UniRx.Examples.csproj", "{69B189D9-11EF-F633-072E-234BCDCE441B}"
EndProject
Project("{FAE04EC0-301F-11D3-BF4B-00C04F79EFBC}") = "QFramework.CSharpExtension", "QFramework.CSharpExtension.csproj", "{57BE7689-95CF-3BC0-CBD6-5E6EBF31BFEF}"
EndProject
Project("{FAE04EC0-301F-11D3-BF4B-00C04F79EFBC}") = "QFramework.RefCounter", "QFramework.RefCounter.csproj", "{FEA9C997-6506-CE79-4D9A-66EC1677BA48}"
EndProject
Project("{FAE04EC0-301F-11D3-BF4B-00C04F79EFBC}") = "QFramework.FSM", "QFramework.FSM.csproj", "{55613D36-FC3F-5D68-BE66-E9476FAC4E25}"
EndProject
Project("{FAE04EC0-301F-11D3-BF4B-00C04F79EFBC}") = "QFramework.Pool", "QFramework.Pool.csproj", "{C9A50263-1AFA-9CEA-E1BF-D1D6B96C1C7C}"
EndProject
Project("{FAE04EC0-301F-11D3-BF4B-00C04F79EFBC}") = "QFramework.ActionKit", "QFramework.ActionKit.csproj", "{72103FED-25D7-C992-F116-7794B652480A}"
EndProject
Project("{FAE04EC0-301F-11D3-BF4B-00C04F79EFBC}") = "QFramework.TypeEventSystem", "QFramework.TypeEventSystem.csproj", "{29496F86-6F61-5B20-BE36-297F6F386976}"
EndProject
Project("{FAE04EC0-301F-11D3-BF4B-00C04F79EFBC}") = "QFramework.Device", "QFramework.Device.csproj", "{E468B4E0-0478-12C1-2BDC-B4D0B2CD5CE8}"
EndProject
Project("{FAE04EC0-301F-11D3-BF4B-00C04F79EFBC}") = "QFramework.EventSystem", "QFramework.EventSystem.csproj", "{D30048C9-7558-26C6-3D36-4088843BB6D1}"
EndProject
Project("{FAE04EC0-301F-11D3-BF4B-00C04F79EFBC}") = "QFramework.IOC", "QFramework.IOC.csproj", "{FC3C278E-4B36-7E74-A6DB-15C810068040}"
EndProject
Project("{FAE04EC0-301F-11D3-BF4B-00C04F79EFBC}") = "QFramework.Singleton", "QFramework.Singleton.csproj", "{0BF29902-8C2D-2486-5A4F-441F073CE3B0}"
EndProject
Project("{FAE04EC0-301F-11D3-BF4B-00C04F79EFBC}") = "Assembly-CSharp-Editor", "Assembly-CSharp-Editor.csproj", "{B6687BAC-E441-9076-BFCB-0283D67C7616}"
EndProject
Project("{FAE04EC0-301F-11D3-BF4B-00C04F79EFBC}") = "QFramework.BindKit", "QFramework.BindKit.csproj", "{A1A8F4A3-C7E3-B54C-2547-40AD46AAE1C9}"
EndProject
Project("{FAE04EC0-301F-11D3-BF4B-00C04F79EFBC}") = "QFramework.PackageKit", "QFramework.PackageKit.csproj", "{9D7F6216-D252-D63B-D38E-E8FFDB83C092}"
EndProject
Global
	GlobalSection(SolutionConfigurationPlatforms) = preSolution
		Debug|Any CPU = Debug|Any CPU
		Release|Any CPU = Release|Any CPU
	EndGlobalSection
	GlobalSection(ProjectConfigurationPlatforms) = postSolution
		{29E46582-C0BB-BF69-2A80-2AA7D75BAB33}.Debug|Any CPU.ActiveCfg = Debug|Any CPU
		{29E46582-C0BB-BF69-2A80-2AA7D75BAB33}.Debug|Any CPU.Build.0 = Debug|Any CPU
		{29E46582-C0BB-BF69-2A80-2AA7D75BAB33}.Release|Any CPU.ActiveCfg = Release|Any CPU
		{29E46582-C0BB-BF69-2A80-2AA7D75BAB33}.Release|Any CPU.Build.0 = Release|Any CPU
		{62796C7E-AFA4-3291-79DA-EB4427D6BBCB}.Debug|Any CPU.ActiveCfg = Debug|Any CPU
		{62796C7E-AFA4-3291-79DA-EB4427D6BBCB}.Debug|Any CPU.Build.0 = Debug|Any CPU
		{62796C7E-AFA4-3291-79DA-EB4427D6BBCB}.Release|Any CPU.ActiveCfg = Release|Any CPU
		{62796C7E-AFA4-3291-79DA-EB4427D6BBCB}.Release|Any CPU.Build.0 = Release|Any CPU
		{A9E7AAE0-776B-F547-2D12-0E19D3B24860}.Debug|Any CPU.ActiveCfg = Debug|Any CPU
		{A9E7AAE0-776B-F547-2D12-0E19D3B24860}.Debug|Any CPU.Build.0 = Debug|Any CPU
		{A9E7AAE0-776B-F547-2D12-0E19D3B24860}.Release|Any CPU.ActiveCfg = Release|Any CPU
		{A9E7AAE0-776B-F547-2D12-0E19D3B24860}.Release|Any CPU.Build.0 = Release|Any CPU
		{69B189D9-11EF-F633-072E-234BCDCE441B}.Debug|Any CPU.ActiveCfg = Debug|Any CPU
		{69B189D9-11EF-F633-072E-234BCDCE441B}.Debug|Any CPU.Build.0 = Debug|Any CPU
		{69B189D9-11EF-F633-072E-234BCDCE441B}.Release|Any CPU.ActiveCfg = Release|Any CPU
		{69B189D9-11EF-F633-072E-234BCDCE441B}.Release|Any CPU.Build.0 = Release|Any CPU
		{57BE7689-95CF-3BC0-CBD6-5E6EBF31BFEF}.Debug|Any CPU.ActiveCfg = Debug|Any CPU
		{57BE7689-95CF-3BC0-CBD6-5E6EBF31BFEF}.Debug|Any CPU.Build.0 = Debug|Any CPU
		{57BE7689-95CF-3BC0-CBD6-5E6EBF31BFEF}.Release|Any CPU.ActiveCfg = Release|Any CPU
		{57BE7689-95CF-3BC0-CBD6-5E6EBF31BFEF}.Release|Any CPU.Build.0 = Release|Any CPU
		{FEA9C997-6506-CE79-4D9A-66EC1677BA48}.Debug|Any CPU.ActiveCfg = Debug|Any CPU
		{FEA9C997-6506-CE79-4D9A-66EC1677BA48}.Debug|Any CPU.Build.0 = Debug|Any CPU
		{FEA9C997-6506-CE79-4D9A-66EC1677BA48}.Release|Any CPU.ActiveCfg = Release|Any CPU
		{FEA9C997-6506-CE79-4D9A-66EC1677BA48}.Release|Any CPU.Build.0 = Release|Any CPU
		{55613D36-FC3F-5D68-BE66-E9476FAC4E25}.Debug|Any CPU.ActiveCfg = Debug|Any CPU
		{55613D36-FC3F-5D68-BE66-E9476FAC4E25}.Debug|Any CPU.Build.0 = Debug|Any CPU
		{55613D36-FC3F-5D68-BE66-E9476FAC4E25}.Release|Any CPU.ActiveCfg = Release|Any CPU
		{55613D36-FC3F-5D68-BE66-E9476FAC4E25}.Release|Any CPU.Build.0 = Release|Any CPU
		{C9A50263-1AFA-9CEA-E1BF-D1D6B96C1C7C}.Debug|Any CPU.ActiveCfg = Debug|Any CPU
		{C9A50263-1AFA-9CEA-E1BF-D1D6B96C1C7C}.Debug|Any CPU.Build.0 = Debug|Any CPU
		{C9A50263-1AFA-9CEA-E1BF-D1D6B96C1C7C}.Release|Any CPU.ActiveCfg = Release|Any CPU
		{C9A50263-1AFA-9CEA-E1BF-D1D6B96C1C7C}.Release|Any CPU.Build.0 = Release|Any CPU
		{72103FED-25D7-C992-F116-7794B652480A}.Debug|Any CPU.ActiveCfg = Debug|Any CPU
		{72103FED-25D7-C992-F116-7794B652480A}.Debug|Any CPU.Build.0 = Debug|Any CPU
		{72103FED-25D7-C992-F116-7794B652480A}.Release|Any CPU.ActiveCfg = Release|Any CPU
		{72103FED-25D7-C992-F116-7794B652480A}.Release|Any CPU.Build.0 = Release|Any CPU
		{29496F86-6F61-5B20-BE36-297F6F386976}.Debug|Any CPU.ActiveCfg = Debug|Any CPU
		{29496F86-6F61-5B20-BE36-297F6F386976}.Debug|Any CPU.Build.0 = Debug|Any CPU
		{29496F86-6F61-5B20-BE36-297F6F386976}.Release|Any CPU.ActiveCfg = Release|Any CPU
		{29496F86-6F61-5B20-BE36-297F6F386976}.Release|Any CPU.Build.0 = Release|Any CPU
		{E468B4E0-0478-12C1-2BDC-B4D0B2CD5CE8}.Debug|Any CPU.ActiveCfg = Debug|Any CPU
		{E468B4E0-0478-12C1-2BDC-B4D0B2CD5CE8}.Debug|Any CPU.Build.0 = Debug|Any CPU
		{E468B4E0-0478-12C1-2BDC-B4D0B2CD5CE8}.Release|Any CPU.ActiveCfg = Release|Any CPU
		{E468B4E0-0478-12C1-2BDC-B4D0B2CD5CE8}.Release|Any CPU.Build.0 = Release|Any CPU
		{D30048C9-7558-26C6-3D36-4088843BB6D1}.Debug|Any CPU.ActiveCfg = Debug|Any CPU
		{D30048C9-7558-26C6-3D36-4088843BB6D1}.Debug|Any CPU.Build.0 = Debug|Any CPU
		{D30048C9-7558-26C6-3D36-4088843BB6D1}.Release|Any CPU.ActiveCfg = Release|Any CPU
		{D30048C9-7558-26C6-3D36-4088843BB6D1}.Release|Any CPU.Build.0 = Release|Any CPU
		{FC3C278E-4B36-7E74-A6DB-15C810068040}.Debug|Any CPU.ActiveCfg = Debug|Any CPU
		{FC3C278E-4B36-7E74-A6DB-15C810068040}.Debug|Any CPU.Build.0 = Debug|Any CPU
		{FC3C278E-4B36-7E74-A6DB-15C810068040}.Release|Any CPU.ActiveCfg = Release|Any CPU
		{FC3C278E-4B36-7E74-A6DB-15C810068040}.Release|Any CPU.Build.0 = Release|Any CPU
		{0BF29902-8C2D-2486-5A4F-441F073CE3B0}.Debug|Any CPU.ActiveCfg = Debug|Any CPU
		{0BF29902-8C2D-2486-5A4F-441F073CE3B0}.Debug|Any CPU.Build.0 = Debug|Any CPU
		{0BF29902-8C2D-2486-5A4F-441F073CE3B0}.Release|Any CPU.ActiveCfg = Release|Any CPU
		{0BF29902-8C2D-2486-5A4F-441F073CE3B0}.Release|Any CPU.Build.0 = Release|Any CPU
		{B6687BAC-E441-9076-BFCB-0283D67C7616}.Debug|Any CPU.ActiveCfg = Debug|Any CPU
		{B6687BAC-E441-9076-BFCB-0283D67C7616}.Debug|Any CPU.Build.0 = Debug|Any CPU
		{B6687BAC-E441-9076-BFCB-0283D67C7616}.Release|Any CPU.ActiveCfg = Release|Any CPU
		{B6687BAC-E441-9076-BFCB-0283D67C7616}.Release|Any CPU.Build.0 = Release|Any CPU
		{A1A8F4A3-C7E3-B54C-2547-40AD46AAE1C9}.Debug|Any CPU.ActiveCfg = Debug|Any CPU
		{A1A8F4A3-C7E3-B54C-2547-40AD46AAE1C9}.Debug|Any CPU.Build.0 = Debug|Any CPU
		{A1A8F4A3-C7E3-B54C-2547-40AD46AAE1C9}.Release|Any CPU.ActiveCfg = Release|Any CPU
		{A1A8F4A3-C7E3-B54C-2547-40AD46AAE1C9}.Release|Any CPU.Build.0 = Release|Any CPU
		{9D7F6216-D252-D63B-D38E-E8FFDB83C092}.Debug|Any CPU.ActiveCfg = Debug|Any CPU
		{9D7F6216-D252-D63B-D38E-E8FFDB83C092}.Debug|Any CPU.Build.0 = Debug|Any CPU
		{9D7F6216-D252-D63B-D38E-E8FFDB83C092}.Release|Any CPU.ActiveCfg = Release|Any CPU
		{9D7F6216-D252-D63B-D38E-E8FFDB83C092}.Release|Any CPU.Build.0 = Release|Any CPU
	EndGlobalSection
	GlobalSection(SolutionProperties) = preSolution
		HideSolutionNode = FALSE
	EndGlobalSection
EndGlobal
